
Microsoft Visual Studio Solution File, Format Version 12.00
# Visual Studio Version 17
VisualStudioVersion = 17.10.35122.118
MinimumVisualStudioVersion = 10.0.40219.1
Project("{9A19103F-16F7-4668-BE54-9A1E7A4F7556}") = "MVCTVManagerProject", "MVCTVManagerProject.csproj", "{06C7591C-17A0-4664-AEE6-AF9FAA4518F1}"
EndProject
Project("{9A19103F-16F7-4668-BE54-9A1E7A4F7556}") = "TVManager_Domain", "..\TVManager_Domain\TVManager_Domain.csproj", "{EFF3C08E-8A1E-4A8E-BCA3-ADAA0E04AFCC}"
EndProject
Project("{9A19103F-16F7-4668-BE54-9A1E7A4F7556}") = "TVManager_Infrastructure", "..\TVManager_Infastructer\TVManager_Infrastructure.csproj", "{05E3930A-B3F9-414A-B145-C87EA8A2E67E}"
EndProject
Global
	GlobalSection(SolutionConfigurationPlatforms) = preSolution
		Debug|Any CPU = Debug|Any CPU
		Release|Any CPU = Release|Any CPU
	EndGlobalSection
	GlobalSection(ProjectConfigurationPlatforms) = postSolution
		{06C7591C-17A0-4664-AEE6-AF9FAA4518F1}.Debug|Any CPU.ActiveCfg = Debug|Any CPU
		{06C7591C-17A0-4664-AEE6-AF9FAA4518F1}.Debug|Any CPU.Build.0 = Debug|Any CPU
		{06C7591C-17A0-4664-AEE6-AF9FAA4518F1}.Release|Any CPU.ActiveCfg = Release|Any CPU
		{06C7591C-17A0-4664-AEE6-AF9FAA4518F1}.Release|Any CPU.Build.0 = Release|Any CPU
		{EFF3C08E-8A1E-4A8E-BCA3-ADAA0E04AFCC}.Debug|Any CPU.ActiveCfg = Debug|Any CPU
		{EFF3C08E-8A1E-4A8E-BCA3-ADAA0E04AFCC}.Debug|Any CPU.Build.0 = Debug|Any CPU
		{EFF3C08E-8A1E-4A8E-BCA3-ADAA0E04AFCC}.Release|Any CPU.ActiveCfg = Release|Any CPU
		{EFF3C08E-8A1E-4A8E-BCA3-ADAA0E04AFCC}.Release|Any CPU.Build.0 = Release|Any CPU
		{05E3930A-B3F9-414A-B145-C87EA8A2E67E}.Debug|Any CPU.ActiveCfg = Debug|Any CPU
		{05E3930A-B3F9-414A-B145-C87EA8A2E67E}.Debug|Any CPU.Build.0 = Debug|Any CPU
		{05E3930A-B3F9-414A-B145-C87EA8A2E67E}.Release|Any CPU.ActiveCfg = Release|Any CPU
		{05E3930A-B3F9-414A-B145-C87EA8A2E67E}.Release|Any CPU.Build.0 = Release|Any CPU
	EndGlobalSection
	GlobalSection(SolutionProperties) = preSolution
		HideSolutionNode = FALSE
	EndGlobalSection
	GlobalSection(ExtensibilityGlobals) = postSolution
		SolutionGuid = {075EAF71-ADDA-4BC6-8C67-F73DDF7D6BD5}
	EndGlobalSection
EndGlobal
